
Microsoft Visual Studio Solution File, Format Version 12.00
# Visual Studio Version 16
VisualStudioVersion = 16.0.31402.337
MinimumVisualStudioVersion = 10.0.40219.1
Project("{FAE04EC0-301F-11D3-BF4B-00C04F79EFBC}") = "HomeWork-ListandSort", "HomeWork-ListandSort\HomeWork-ListandSort.csproj", "{D1FF7C6B-222F-45BB-A49F-B870E58ED09E}"
EndProject
Global
	GlobalSection(SolutionConfigurationPlatforms) = preSolution
		Debug|Any CPU = Debug|Any CPU
		Release|Any CPU = Release|Any CPU
	EndGlobalSection
	GlobalSection(ProjectConfigurationPlatforms) = postSolution
		{D1FF7C6B-222F-45BB-A49F-B870E58ED09E}.Debug|Any CPU.ActiveCfg = Debug|Any CPU
		{D1FF7C6B-222F-45BB-A49F-B870E58ED09E}.Debug|Any CPU.Build.0 = Debug|Any CPU
		{D1FF7C6B-222F-45BB-A49F-B870E58ED09E}.Release|Any CPU.ActiveCfg = Release|Any CPU
		{D1FF7C6B-222F-45BB-A49F-B870E58ED09E}.Release|Any CPU.Build.0 = Release|Any CPU
	EndGlobalSection
	GlobalSection(SolutionProperties) = preSolution
		HideSolutionNode = FALSE
	EndGlobalSection
	GlobalSection(ExtensibilityGlobals) = postSolution
		SolutionGuid = {3686F6B7-0000-4368-B6BA-444B08795185}
	EndGlobalSection
EndGlobal
